
Microsoft Visual Studio Solution File, Format Version 12.00
# Visual Studio 2013
VisualStudioVersion = 12.0.30501.0
MinimumVisualStudioVersion = 10.0.40219.1
Project("{FAE04EC0-301F-11D3-BF4B-00C04F79EFBC}") = "RippleRPC.Net", "RippleRPC.Net\RippleRPC.Net.csproj", "{84FF702A-EE56-4A84-8699-1A28F28D5A4B}"
EndProject
Project("{FAE04EC0-301F-11D3-BF4B-00C04F79EFBC}") = "RippleRPC.Net.Tests", "RippleRPC.Net.Tests\RippleRPC.Net.Tests.csproj", "{96775954-5D59-44FB-87BF-B12DE5E38A75}"
EndProject
Global
	GlobalSection(SolutionConfigurationPlatforms) = preSolution
		Debug|Any CPU = Debug|Any CPU
		Release|Any CPU = Release|Any CPU
	EndGlobalSection
	GlobalSection(ProjectConfigurationPlatforms) = postSolution
		{84FF702A-EE56-4A84-8699-1A28F28D5A4B}.Debug|Any CPU.ActiveCfg = Debug|Any CPU
		{84FF702A-EE56-4A84-8699-1A28F28D5A4B}.Debug|Any CPU.Build.0 = Debug|Any CPU
		{84FF702A-EE56-4A84-8699-1A28F28D5A4B}.Release|Any CPU.ActiveCfg = Release|Any CPU
		{84FF702A-EE56-4A84-8699-1A28F28D5A4B}.Release|Any CPU.Build.0 = Release|Any CPU
		{96775954-5D59-44FB-87BF-B12DE5E38A75}.Debug|Any CPU.ActiveCfg = Debug|Any CPU
		{96775954-5D59-44FB-87BF-B12DE5E38A75}.Debug|Any CPU.Build.0 = Debug|Any CPU
		{96775954-5D59-44FB-87BF-B12DE5E38A75}.Release|Any CPU.ActiveCfg = Release|Any CPU
		{96775954-5D59-44FB-87BF-B12DE5E38A75}.Release|Any CPU.Build.0 = Release|Any CPU
	EndGlobalSection
	GlobalSection(SolutionProperties) = preSolution
		HideSolutionNode = FALSE
	EndGlobalSection
EndGlobal
